
Microsoft Visual Studio Solution File, Format Version 12.00
# Visual Studio Version 17
VisualStudioVersion = 17.13.35919.96
MinimumVisualStudioVersion = 10.0.40219.1
Project("{FAE04EC0-301F-11D3-BF4B-00C04F79EFBC}") = "Grad_Api", "Grad_Api\Grad_Api.csproj", "{4968FAAF-D653-4E83-BD5B-2AB1E0B7B01B}"
EndProject
Global
	GlobalSection(SolutionConfigurationPlatforms) = preSolution
		Debug|Any CPU = Debug|Any CPU
		Release|Any CPU = Release|Any CPU
	EndGlobalSection
	GlobalSection(ProjectConfigurationPlatforms) = postSolution
		{4968FAAF-D653-4E83-BD5B-2AB1E0B7B01B}.Debug|Any CPU.ActiveCfg = Debug|Any CPU
		{4968FAAF-D653-4E83-BD5B-2AB1E0B7B01B}.Debug|Any CPU.Build.0 = Debug|Any CPU
		{4968FAAF-D653-4E83-BD5B-2AB1E0B7B01B}.Release|Any CPU.ActiveCfg = Release|Any CPU
		{4968FAAF-D653-4E83-BD5B-2AB1E0B7B01B}.Release|Any CPU.Build.0 = Release|Any CPU
	EndGlobalSection
	GlobalSection(SolutionProperties) = preSolution
		HideSolutionNode = FALSE
	EndGlobalSection
	GlobalSection(ExtensibilityGlobals) = postSolution
		SolutionGuid = {5F05BD15-2011-4C01-A96C-A0EB2794086D}
	EndGlobalSection
EndGlobal
